<?xml version="1.0" encoding="UTF-8"?>
<CodeBlocks_project_file>
	<FileVersion major="1" minor="6"/>
	<Project>
		<Option title="project"/>
		<Option makefile_is_custom="1"/>
		<Option compiler="gcc"/>
		<Option virtualFolders="CMake Files\;"/>
		<Build>
			<Target title="all">
				<Option working_dir="/home/zap/CLionProjects/project"/>
				<Option type="4"/>
				<MakeCommands>
					<Build command="/usr/bin/make -f &quot;/home/zap/CLionProjects/project/Makefile&quot;  VERBOSE=1 all"/>
					<CompileFile command="/usr/bin/make -f &quot;/home/zap/CLionProjects/project/Makefile&quot;  VERBOSE=1 &quot;$file&quot;"/>
					<Clean command="/usr/bin/make -f &quot;/home/zap/CLionProjects/project/Makefile&quot;  VERBOSE=1 clean"/>
					<DistClean command="/usr/bin/make -f &quot;/home/zap/CLionProjects/project/Makefile&quot;  VERBOSE=1 clean"/>
				</MakeCommands>
			</Target>
			<Target title="rebuild_cache">
				<Option working_dir="/home/zap/CLionProjects/project"/>
				<Option type="4"/>
				<MakeCommands>
					<Build command="/usr/bin/make -f &quot;/home/zap/CLionProjects/project/Makefile&quot;  VERBOSE=1 rebuild_cache"/>
					<CompileFile command="/usr/bin/make -f &quot;/home/zap/CLionProjects/project/Makefile&quot;  VERBOSE=1 &quot;$file&quot;"/>
					<Clean command="/usr/bin/make -f &quot;/home/zap/CLionProjects/project/Makefile&quot;  VERBOSE=1 clean"/>
					<DistClean command="/usr/bin/make -f &quot;/home/zap/CLionProjects/project/Makefile&quot;  VERBOSE=1 clean"/>
				</MakeCommands>
			</Target>
			<Target title="edit_cache">
				<Option working_dir="/home/zap/CLionProjects/project"/>
				<Option type="4"/>
				<MakeCommands>
					<Build command="/usr/bin/make -f &quot;/home/zap/CLionProjects/project/Makefile&quot;  VERBOSE=1 edit_cache"/>
					<CompileFile command="/usr/bin/make -f &quot;/home/zap/CLionProjects/project/Makefile&quot;  VERBOSE=1 &quot;$file&quot;"/>
					<Clean command="/usr/bin/make -f &quot;/home/zap/CLionProjects/project/Makefile&quot;  VERBOSE=1 clean"/>
					<DistClean command="/usr/bin/make -f &quot;/home/zap/CLionProjects/project/Makefile&quot;  VERBOSE=1 clean"/>
				</MakeCommands>
			</Target>
			<Target title="project">
				<Option output="/home/zap/CLionProjects/project/project" prefix_auto="0" extension_auto="0"/>
				<Option working_dir="/home/zap/CLionProjects/project"/>
				<Option object_output="./"/>
				<Option type="1"/>
				<Option compiler="gcc"/>
				<Compiler>
					<Add directory="/home/zap/CLionProjects/project/."/>
				</Compiler>
				<MakeCommands>
					<Build command="/usr/bin/make -f &quot;/home/zap/CLionProjects/project/Makefile&quot;  VERBOSE=1 project"/>
					<CompileFile command="/usr/bin/make -f &quot;/home/zap/CLionProjects/project/Makefile&quot;  VERBOSE=1 &quot;$file&quot;"/>
					<Clean command="/usr/bin/make -f &quot;/home/zap/CLionProjects/project/Makefile&quot;  VERBOSE=1 clean"/>
					<DistClean command="/usr/bin/make -f &quot;/home/zap/CLionProjects/project/Makefile&quot;  VERBOSE=1 clean"/>
				</MakeCommands>
			</Target>
			<Target title="project/fast">
				<Option output="/home/zap/CLionProjects/project/project" prefix_auto="0" extension_auto="0"/>
				<Option working_dir="/home/zap/CLionProjects/project"/>
				<Option object_output="./"/>
				<Option type="1"/>
				<Option compiler="gcc"/>
				<Compiler>
					<Add directory="/home/zap/CLionProjects/project/."/>
				</Compiler>
				<MakeCommands>
					<Build command="/usr/bin/make -f &quot;/home/zap/CLionProjects/project/Makefile&quot;  VERBOSE=1 project/fast"/>
					<CompileFile command="/usr/bin/make -f &quot;/home/zap/CLionProjects/project/Makefile&quot;  VERBOSE=1 &quot;$file&quot;"/>
					<Clean command="/usr/bin/make -f &quot;/home/zap/CLionProjects/project/Makefile&quot;  VERBOSE=1 clean"/>
					<DistClean command="/usr/bin/make -f &quot;/home/zap/CLionProjects/project/Makefile&quot;  VERBOSE=1 clean"/>
				</MakeCommands>
			</Target>
		</Build>
		<Unit filename="/home/zap/CLionProjects/project/DB.cpp">
			<Option target="project"/>
		</Unit>
		<Unit filename="/home/zap/CLionProjects/project/DB.h">
			<Option target="project"/>
		</Unit>
		<Unit filename="/home/zap/CLionProjects/project/HD.cpp">
			<Option target="project"/>
		</Unit>
		<Unit filename="/home/zap/CLionProjects/project/HD.h">
			<Option target="project"/>
		</Unit>
		<Unit filename="/home/zap/CLionProjects/project/main.cpp">
			<Option target="project"/>
		</Unit>
		<Unit filename="/home/zap/CLionProjects/project/CMakeLists.txt">
			<Option virtualFolder="CMake Files\"/>
		</Unit>
	</Project>
</CodeBlocks_project_file>
